hash: ae9da15a1942879ff433ed75af4180370cc0ae048e2a1f9649ecebd13a18736b
updated: 2016-08-31T09:14:33.67300823-07:00
imports:
- name: github.com/arschles/assert
  version: fc2da9844984ce5093111298174706e14d4c0c47
- name: github.com/deis/controller-sdk-go
  version: 383a9c0cdf4591127f3dad8b7b9fa48462b1f8d0
  subpackages:
  - api
  - apps
  - appsettings
  - auth
  - builds
  - certs
  - config
  - domains
  - keys
  - perms
  - pkg/time
  - ps
  - releases
  - users
  - whitelist
- name: github.com/deis/pkg
  version: 189ed6bd6b6aa6629b72c2c5472095e176eec8a6
  subpackages:
  - prettyprint
  - time
- name: github.com/docopt/docopt-go
  version: 784ddc588536785e7299f7272f39101f7faccc3f
- name: github.com/goware/urlx
  version: 8bb4a2e4339f55b15164907177e96e9faf885504
- name: github.com/mattn/go-runewidth
  version: d6bea18f789704b5f83375793155289da36a3c7f
- name: github.com/olekukonko/tablewriter
  version: daf2955e742cf123959884fdff4685aa79b63135
- name: github.com/PuerkitoBio/purell
  version: 8a290539e2e8629dbc4e6bad948158f790ec31f4
- name: github.com/PuerkitoBio/urlesc
  version: 5bd2802263f21d8788851d5305584c82a5c75d7e
- name: golang.org/x/crypto
  version: 055d4bfb5c396e3c3dcd9aad97c9086d48b23189
  subpackages:
  - ssh/terminal
- name: golang.org/x/net
  version: 9bc2a3340c92c17a20edcd0080e93851ed58f5d5
  subpackages:
  - idna
- name: golang.org/x/text
  version: d69c40b4be55797923cec7457fac7a244d91a9b6
  subpackages:
  - cases
  - internal/tag
  - language
  - runes
  - secure/bidirule
  - secure/precis
  - transform
  - unicode/bidi
  - unicode/norm
  - width
- name: gopkg.in/yaml.v2
  version: e4d366fc3c7938e2958e662b4258c7a89e1f0e3e
testImports: []
