hash: efb390ce6569c895e553582bd010493901e3fa4733fb9037970003c870cb5df2
updated: 2016-06-27T11:56:08.014343879-07:00
imports:
- name: github.com/deis/controller-sdk-go
  version: 3b6502cecedc6ebd7b0f42a8c01c31e8292d1e0d
  subpackages:
  - api
  - apps
  - auth
  - builds
  - certs
  - config
  - domains
  - keys
  - perms
  - ps
  - releases
  - users
  - pkg/time
- name: github.com/deis/pkg
  version: 189ed6bd6b6aa6629b72c2c5472095e176eec8a6
  subpackages:
  - time
  - prettyprint
- name: github.com/docopt/docopt-go
  version: 784ddc588536785e7299f7272f39101f7faccc3f
- name: github.com/goware/urlx
  version: 86bdc24560383254e8b977da31a823eddf904409
- name: github.com/mattn/go-runewidth
  version: d6bea18f789704b5f83375793155289da36a3c7f
- name: github.com/olekukonko/tablewriter
  version: daf2955e742cf123959884fdff4685aa79b63135
- name: github.com/PuerkitoBio/purell
  version: 1d5d1cfad45d42ec5f81fa8ef23de09cebc6dcc3
- name: github.com/PuerkitoBio/urlesc
  version: 5fa9ff0392746aeae1c4b37fcc42c65afa7a9587
- name: golang.org/x/crypto
  version: 811831de4c4dd03a0b8737233af3b36852386373
  subpackages:
  - ssh/terminal
- name: golang.org/x/net
  version: c2528b2dd8352441850638a8bb678c2ad056fd3e
  subpackages:
  - context
  - idna
- name: gopkg.in/yaml.v2
  version: a83829b6f1293c91addabc89d0571c246397bbf4
devImports: []
