hash: 1c11ae5822232e539faaf103162502905be42f0edf935dfb12012b83752a734f
updated: 2016-11-29T10:19:52.552145656-07:00
imports:
- name: github.com/arschles/assert
  version: bb58b908265b5931732079df03f2818bf2167ba0
- name: github.com/deis/controller-sdk-go
  version: e4abe62d2accc3168b82ff54cb7e8aff2764d03b
  subpackages:
  - api
  - apps
  - appsettings
  - auth
  - builds
  - certs
  - config
  - domains
  - keys
  - perms
  - pkg/time
  - ps
  - releases
  - tls
  - users
  - whitelist
- name: github.com/deis/pkg
  version: 28bd07fbcbec5aaaaeda05d362d8ff81f55f4f6c
  subpackages:
  - prettyprint
  - time
- name: github.com/docopt/docopt-go
  version: 784ddc588536785e7299f7272f39101f7faccc3f
- name: github.com/goware/urlx
  version: 8bb4a2e4339f55b15164907177e96e9faf885504
- name: github.com/mattn/go-runewidth
  version: d6bea18f789704b5f83375793155289da36a3c7f
- name: github.com/olekukonko/tablewriter
  version: bdcc175572fd7abece6c831e643891b9331bc9e7
- name: github.com/PuerkitoBio/purell
  version: 0bcb03f4b4d0a9428594752bd2a3b9aa0a9d4bd4
- name: github.com/PuerkitoBio/urlesc
  version: 5bd2802263f21d8788851d5305584c82a5c75d7e
- name: golang.org/x/crypto
  version: 1f22c0103821b9390939b6776727195525381532
  subpackages:
  - ssh/terminal
- name: golang.org/x/net
  version: fb93926129b8ec0056f2f458b1f519654814edf0
  subpackages:
  - idna
- name: golang.org/x/text
  version: 4ea6c073aae78d08c7e95e95aa7f55b888287d6f
  subpackages:
  - transform
  - unicode/norm
  - width
- name: gopkg.in/yaml.v2
  version: a83829b6f1293c91addabc89d0571c246397bbf4
testImports: []
