# This file is autogenerated, do not edit; changes may be undone by the next 'dep ensure'.


[[projects]]
  digest = "1:a2682518d905d662d984ef9959984ef87cecb777d379bfa9d9fe40e78069b3e4"
  name = "github.com/PuerkitoBio/purell"
  packages = ["."]
  pruneopts = "UT"
  revision = "44968752391892e1b0d0b821ee79e9a85fa13049"
  version = "v1.1.1"

[[projects]]
  branch = "master"
  digest = "1:c739832d67eb1e9cc478a19cc1a1ccd78df0397bf8a32978b759152e205f644b"
  name = "github.com/PuerkitoBio/urlesc"
  packages = ["."]
  pruneopts = "UT"
  revision = "de5bf2ad457846296e2031421a34e2568e304e35"

[[projects]]
  digest = "1:a84a2977d04632be466053e734db4c6e572b1ba5a566981ebab6310678a7f284"
  name = "github.com/arschles/assert"
  packages = ["."]
  pruneopts = "UT"
  revision = "bb58b908265b5931732079df03f2818bf2167ba0"
  version = "v1.0.0"

[[projects]]
  branch = "master"
  digest = "1:289fa52f4d9e9c817a003324bc14e9339b996dbe02b9f6cfc57a9383e5365287"
  name = "github.com/docopt/docopt-go"
  packages = ["."]
  pruneopts = "UT"
  revision = "ee0de3bc6815ee19d4a46c7eb90f829db0e014b1"

[[projects]]
  branch = "master"
  digest = "1:0463c10983613d74bb48186c4159dd80d0af85bc4326495d3c61d396eb818c49"
  name = "github.com/drycc/controller-sdk-go"
  packages = [
    ".",
    "api",
    "apps",
    "appsettings",
    "auth",
    "builds",
    "certs",
    "config",
    "domains",
    "keys",
    "perms",
    "pkg/time",
    "ps",
    "releases",
    "services",
    "tls",
    "users",
    "whitelist",
  ]
  pruneopts = "UT"
  revision = "39a6c81f21f393b7cc19a12da277d09a38e5039d"

[[projects]]
  branch = "master"
  digest = "1:6fc2dd6c362ecdfe265efe8db1e53297099b1825fc335756225623d4947410d0"
  name = "github.com/drycc/pkg"
  packages = ["prettyprint"]
  pruneopts = "UT"
  revision = "bcdffff0fcb382671962f8920ad034b5027a48e6"

[[projects]]
  branch = "master"
  digest = "1:d3d93087df8a02215b306cd04357d3321833ce7a48452ebafce1165f2ddcde69"
  name = "github.com/goware/urlx"
  packages = ["."]
  pruneopts = "UT"
  revision = "4fc201f7f862af2abfaca0c2904be15ea0037a34"

[[projects]]
  digest = "1:0356f3312c9bd1cbeda81505b7fd437501d8e778ab66998ef69f00d7f9b3a0d7"
  name = "github.com/mattn/go-runewidth"
  packages = ["."]
  pruneopts = "UT"
  revision = "3ee7d812e62a0804a7d0a324e0249ca2db3476d3"
  version = "v0.0.4"

[[projects]]
  digest = "1:abcdbf03ca6ca13d3697e2186edc1f33863bbdac2b3a44dfa39015e8903f7409"
  name = "github.com/olekukonko/tablewriter"
  packages = ["."]
  pruneopts = "UT"
  revision = "e6d60cf7ba1f42d86d54cdf5508611c4aafb3970"
  version = "v0.0.1"

[[projects]]
  branch = "master"
  digest = "1:bbe51412d9915d64ffaa96b51d409e070665efc5194fcf145c4a27d4133107a4"
  name = "golang.org/x/crypto"
  packages = ["ssh/terminal"]
  pruneopts = "UT"
  revision = "88737f569e3a9c7ab309cdc09a07fe7fc87233c3"

[[projects]]
  branch = "master"
  digest = "1:82491a0790e0945762096c875e2e14932a5d7b37a7ce3e83ef3b50437a71e09a"
  name = "golang.org/x/net"
  packages = ["idna"]
  pruneopts = "UT"
  revision = "1da14a5a36f220ea3f03470682b737b1dfd5de22"

[[projects]]
  branch = "master"
  digest = "1:32a91fdcb8f4ae0b2376129fe0091963fa1bbf42d4c1826ad41f7b6410f385c0"
  name = "golang.org/x/sys"
  packages = [
    "unix",
    "windows",
  ]
  pruneopts = "UT"
  revision = "12500544f89f9420afe9529ba8940bf72d294972"

[[projects]]
  digest = "1:0c56024909189aee3364b7f21a95a27459f718aa7c199a5c111c36cfffd9eaef"
  name = "golang.org/x/text"
  packages = [
    "collate",
    "collate/build",
    "internal/colltab",
    "internal/gen",
    "internal/tag",
    "internal/triegen",
    "internal/ucd",
    "language",
    "secure/bidirule",
    "transform",
    "unicode/bidi",
    "unicode/cldr",
    "unicode/norm",
    "unicode/rangetable",
    "width",
  ]
  pruneopts = "UT"
  revision = "f21a4dfb5e38f5895301dc265a8def02365cc3d0"
  version = "v0.3.0"

[[projects]]
  digest = "1:4d2e5a73dc1500038e504a8d78b986630e3626dc027bc030ba5c75da257cdb96"
  name = "gopkg.in/yaml.v2"
  packages = ["."]
  pruneopts = "UT"
  revision = "51d6538a90f86fe93ac480b35f37b2be17fef232"
  version = "v2.2.2"

[solve-meta]
  analyzer-name = "dep"
  analyzer-version = 1
  input-imports = [
    "github.com/arschles/assert",
    "github.com/docopt/docopt-go",
    "github.com/drycc/controller-sdk-go",
    "github.com/drycc/controller-sdk-go/api",
    "github.com/drycc/controller-sdk-go/apps",
    "github.com/drycc/controller-sdk-go/appsettings",
    "github.com/drycc/controller-sdk-go/auth",
    "github.com/drycc/controller-sdk-go/builds",
    "github.com/drycc/controller-sdk-go/certs",
    "github.com/drycc/controller-sdk-go/config",
    "github.com/drycc/controller-sdk-go/domains",
    "github.com/drycc/controller-sdk-go/keys",
    "github.com/drycc/controller-sdk-go/perms",
    "github.com/drycc/controller-sdk-go/pkg/time",
    "github.com/drycc/controller-sdk-go/ps",
    "github.com/drycc/controller-sdk-go/releases",
    "github.com/drycc/controller-sdk-go/services",
    "github.com/drycc/controller-sdk-go/tls",
    "github.com/drycc/controller-sdk-go/users",
    "github.com/drycc/controller-sdk-go/whitelist",
    "github.com/drycc/pkg/prettyprint",
    "github.com/olekukonko/tablewriter",
    "golang.org/x/crypto/ssh/terminal",
    "gopkg.in/yaml.v2",
  ]
  solver-name = "gps-cdcl"
  solver-version = 1
