# This file is autogenerated, do not edit; changes may be undone by the next 'dep ensure'.


[[projects]]
  digest = "1:d1665c44bd5db19aaee18d1b6233c99b0b9a986e8bccb24ef54747547a48027f"
  name = "github.com/PuerkitoBio/purell"
  packages = ["."]
  pruneopts = "UT"
  revision = "0bcb03f4b4d0a9428594752bd2a3b9aa0a9d4bd4"
  version = "v1.1.0"

[[projects]]
  branch = "master"
  digest = "1:c739832d67eb1e9cc478a19cc1a1ccd78df0397bf8a32978b759152e205f644b"
  name = "github.com/PuerkitoBio/urlesc"
  packages = ["."]
  pruneopts = "UT"
  revision = "de5bf2ad457846296e2031421a34e2568e304e35"

[[projects]]
  digest = "1:a84a2977d04632be466053e734db4c6e572b1ba5a566981ebab6310678a7f284"
  name = "github.com/arschles/assert"
  packages = ["."]
  pruneopts = "UT"
  revision = "bb58b908265b5931732079df03f2818bf2167ba0"
  version = "v1.0.0"

[[projects]]
  branch = "master"
  digest = "1:289fa52f4d9e9c817a003324bc14e9339b996dbe02b9f6cfc57a9383e5365287"
  name = "github.com/docopt/docopt-go"
  packages = ["."]
  pruneopts = "UT"
  revision = "ee0de3bc6815ee19d4a46c7eb90f829db0e014b1"

[[projects]]
  branch = "master"
  digest = "1:ed4edcbab1f03b2cb665cbe160bc94331caaa1eeda6a7e0b8fe63c5d64379e05"
  name = "github.com/drycc/controller-sdk-go"
  packages = [
    ".",
    "api",
    "apps",
    "appsettings",
    "auth",
    "builds",
    "certs",
    "config",
    "domains",
    "keys",
    "perms",
    "pkg/time",
    "ps",
    "releases",
    "services",
    "tls",
    "users",
    "whitelist",
  ]
  pruneopts = "UT"
  revision = "6c99dbcce25a775067cbaa47ccbc66dd16e4b721"

[[projects]]
  branch = "master"
  digest = "1:f012c85d19017295d502f009cca751593e9d11d929d18290d333585bc89e14c7"
  name = "github.com/drycc/pkg"
  packages = ["prettyprint"]
  pruneopts = "UT"
  revision = "5c1dfa7b5446283ec3bdc7e8c3ef367bb5c1b4d1"

[[projects]]
  branch = "master"
  digest = "1:a93656d87cf49c0f28464b9339549437950ca8ccd86bfd7a555aacfdf3035fff"
  name = "github.com/goware/urlx"
  packages = ["."]
  pruneopts = "UT"
  revision = "06d8eeb3ce171b5617a3f8ef24451df26ca971ef"

[[projects]]
  digest = "1:0356f3312c9bd1cbeda81505b7fd437501d8e778ab66998ef69f00d7f9b3a0d7"
  name = "github.com/mattn/go-runewidth"
  packages = ["."]
  pruneopts = "UT"
  revision = "3ee7d812e62a0804a7d0a324e0249ca2db3476d3"
  version = "v0.0.4"

[[projects]]
  digest = "1:abcdbf03ca6ca13d3697e2186edc1f33863bbdac2b3a44dfa39015e8903f7409"
  name = "github.com/olekukonko/tablewriter"
  packages = ["."]
  pruneopts = "UT"
  revision = "e6d60cf7ba1f42d86d54cdf5508611c4aafb3970"
  version = "v0.0.1"

[[projects]]
  branch = "release-branch.go1.11"
  digest = "1:3f3a05ae0b95893d90b9b3b5afdb79a9b3d96e4e36e099d841ae602e4aca0da8"
  name = "golang.org/x/crypto"
  packages = ["ssh/terminal"]
  pruneopts = "UT"
  revision = "56440b844dfe139a8ac053f4ecac0b20b79058f4"

[[projects]]
  branch = "master"
  digest = "1:82491a0790e0945762096c875e2e14932a5d7b37a7ce3e83ef3b50437a71e09a"
  name = "golang.org/x/net"
  packages = ["idna"]
  pruneopts = "UT"
  revision = "ed066c81e75eba56dd9bd2139ade88125b855585"

[[projects]]
  branch = "release-branch.go1.11"
  digest = "1:a60cae5be8993938498243605b120290533a5208fd5cac81c932afbad3642fb0"
  name = "golang.org/x/sys"
  packages = [
    "unix",
    "windows",
  ]
  pruneopts = "UT"
  revision = "98c5dad5d1a0e8a73845ecc8897d0bd56586511d"

[[projects]]
  digest = "1:0c56024909189aee3364b7f21a95a27459f718aa7c199a5c111c36cfffd9eaef"
  name = "golang.org/x/text"
  packages = [
    "collate",
    "collate/build",
    "internal/colltab",
    "internal/gen",
    "internal/tag",
    "internal/triegen",
    "internal/ucd",
    "language",
    "secure/bidirule",
    "transform",
    "unicode/bidi",
    "unicode/cldr",
    "unicode/norm",
    "unicode/rangetable",
    "width",
  ]
  pruneopts = "UT"
  revision = "f21a4dfb5e38f5895301dc265a8def02365cc3d0"
  version = "v0.3.0"

[[projects]]
  digest = "1:4d2e5a73dc1500038e504a8d78b986630e3626dc027bc030ba5c75da257cdb96"
  name = "gopkg.in/yaml.v2"
  packages = ["."]
  pruneopts = "UT"
  revision = "51d6538a90f86fe93ac480b35f37b2be17fef232"
  version = "v2.2.2"

[solve-meta]
  analyzer-name = "dep"
  analyzer-version = 1
  input-imports = [
    "github.com/arschles/assert",
    "github.com/docopt/docopt-go",
    "github.com/drycc/controller-sdk-go",
    "github.com/drycc/controller-sdk-go/api",
    "github.com/drycc/controller-sdk-go/apps",
    "github.com/drycc/controller-sdk-go/appsettings",
    "github.com/drycc/controller-sdk-go/auth",
    "github.com/drycc/controller-sdk-go/builds",
    "github.com/drycc/controller-sdk-go/certs",
    "github.com/drycc/controller-sdk-go/config",
    "github.com/drycc/controller-sdk-go/domains",
    "github.com/drycc/controller-sdk-go/keys",
    "github.com/drycc/controller-sdk-go/perms",
    "github.com/drycc/controller-sdk-go/pkg/time",
    "github.com/drycc/controller-sdk-go/ps",
    "github.com/drycc/controller-sdk-go/releases",
    "github.com/drycc/controller-sdk-go/services",
    "github.com/drycc/controller-sdk-go/tls",
    "github.com/drycc/controller-sdk-go/users",
    "github.com/drycc/controller-sdk-go/whitelist",
    "github.com/drycc/pkg/prettyprint",
    "github.com/olekukonko/tablewriter",
    "golang.org/x/crypto/ssh/terminal",
    "gopkg.in/yaml.v2",
  ]
  solver-name = "gps-cdcl"
  solver-version = 1
